
Microsoft Visual Studio Solution File, Format Version 12.00
# Visual Studio Version 17
VisualStudioVersion = 17.10.34916.146
MinimumVisualStudioVersion = 10.0.40219.1
Project("{9A19103F-16F7-4668-BE54-9A1E7A4F7556}") = "Contacts.Domain", "Contacts.Domain\Contacts.Domain.csproj", "{F71D2B8E-86BB-491C-A59B-9C33FE3BC86A}"
EndProject
Project("{9A19103F-16F7-4668-BE54-9A1E7A4F7556}") = "Contacts.Application", "Contacts.Application\Contacts.Application.csproj", "{98341DEA-C5CD-45E1-ABC1-7399698422B0}"
EndProject
Project("{9A19103F-16F7-4668-BE54-9A1E7A4F7556}") = "Contacts.Infrastructure", "Contacts.Infrastructure\Contacts.Infrastructure.csproj", "{82139472-B0E5-4759-8D0C-83BA68FF1A53}"
EndProject
Project("{9A19103F-16F7-4668-BE54-9A1E7A4F7556}") = "Contacts.Presentation", "Contacts.Presentation\Contacts.Presentation.csproj", "{87B95EC3-DE75-41F9-9A89-1650FDA8259E}"
EndProject
Project("{9A19103F-16F7-4668-BE54-9A1E7A4F7556}") = "Contacts.Tests", "Contacts.Tests\Contacts.Tests.csproj", "{1E25DF09-512E-42D4-BF1B-EEDDA0721AB8}"
EndProject
Global
	GlobalSection(SolutionConfigurationPlatforms) = preSolution
		Debug|Any CPU = Debug|Any CPU
		Release|Any CPU = Release|Any CPU
	EndGlobalSection
	GlobalSection(ProjectConfigurationPlatforms) = postSolution
		{F71D2B8E-86BB-491C-A59B-9C33FE3BC86A}.Debug|Any CPU.ActiveCfg = Debug|Any CPU
		{F71D2B8E-86BB-491C-A59B-9C33FE3BC86A}.Debug|Any CPU.Build.0 = Debug|Any CPU
		{F71D2B8E-86BB-491C-A59B-9C33FE3BC86A}.Release|Any CPU.ActiveCfg = Release|Any CPU
		{F71D2B8E-86BB-491C-A59B-9C33FE3BC86A}.Release|Any CPU.Build.0 = Release|Any CPU
		{98341DEA-C5CD-45E1-ABC1-7399698422B0}.Debug|Any CPU.ActiveCfg = Debug|Any CPU
		{98341DEA-C5CD-45E1-ABC1-7399698422B0}.Debug|Any CPU.Build.0 = Debug|Any CPU
		{98341DEA-C5CD-45E1-ABC1-7399698422B0}.Release|Any CPU.ActiveCfg = Release|Any CPU
		{98341DEA-C5CD-45E1-ABC1-7399698422B0}.Release|Any CPU.Build.0 = Release|Any CPU
		{82139472-B0E5-4759-8D0C-83BA68FF1A53}.Debug|Any CPU.ActiveCfg = Debug|Any CPU
		{82139472-B0E5-4759-8D0C-83BA68FF1A53}.Debug|Any CPU.Build.0 = Debug|Any CPU
		{82139472-B0E5-4759-8D0C-83BA68FF1A53}.Release|Any CPU.ActiveCfg = Release|Any CPU
		{82139472-B0E5-4759-8D0C-83BA68FF1A53}.Release|Any CPU.Build.0 = Release|Any CPU
		{87B95EC3-DE75-41F9-9A89-1650FDA8259E}.Debug|Any CPU.ActiveCfg = Debug|Any CPU
		{87B95EC3-DE75-41F9-9A89-1650FDA8259E}.Debug|Any CPU.Build.0 = Debug|Any CPU
		{87B95EC3-DE75-41F9-9A89-1650FDA8259E}.Release|Any CPU.ActiveCfg = Release|Any CPU
		{87B95EC3-DE75-41F9-9A89-1650FDA8259E}.Release|Any CPU.Build.0 = Release|Any CPU
		{1E25DF09-512E-42D4-BF1B-EEDDA0721AB8}.Debug|Any CPU.ActiveCfg = Debug|Any CPU
		{1E25DF09-512E-42D4-BF1B-EEDDA0721AB8}.Debug|Any CPU.Build.0 = Debug|Any CPU
		{1E25DF09-512E-42D4-BF1B-EEDDA0721AB8}.Release|Any CPU.ActiveCfg = Release|Any CPU
		{1E25DF09-512E-42D4-BF1B-EEDDA0721AB8}.Release|Any CPU.Build.0 = Release|Any CPU
	EndGlobalSection
	GlobalSection(SolutionProperties) = preSolution
		HideSolutionNode = FALSE
	EndGlobalSection
	GlobalSection(ExtensibilityGlobals) = postSolution
		SolutionGuid = {C0B46047-C1F1-4DDA-A8D6-D589044835BF}
	EndGlobalSection
EndGlobal
